
Microsoft Visual Studio Solution File, Format Version 12.00
# Visual Studio 15
VisualStudioVersion = 15.0.28010.2016
MinimumVisualStudioVersion = 10.0.40219.1
Project("{FAE04EC0-301F-11D3-BF4B-00C04F79EFBC}") = "Project-Note", "Project-Note\Project-Note.csproj", "{D16879DC-232B-426A-B41D-8F4D3587BD3A}"
EndProject
Global
	GlobalSection(SolutionConfigurationPlatforms) = preSolution
		Debug|Any CPU = Debug|Any CPU
		Release|Any CPU = Release|Any CPU
	EndGlobalSection
	GlobalSection(ProjectConfigurationPlatforms) = postSolution
		{D16879DC-232B-426A-B41D-8F4D3587BD3A}.Debug|Any CPU.ActiveCfg = Debug|Any CPU
		{D16879DC-232B-426A-B41D-8F4D3587BD3A}.Debug|Any CPU.Build.0 = Debug|Any CPU
		{D16879DC-232B-426A-B41D-8F4D3587BD3A}.Release|Any CPU.ActiveCfg = Release|Any CPU
		{D16879DC-232B-426A-B41D-8F4D3587BD3A}.Release|Any CPU.Build.0 = Release|Any CPU
	EndGlobalSection
	GlobalSection(SolutionProperties) = preSolution
		HideSolutionNode = FALSE
	EndGlobalSection
	GlobalSection(ExtensibilityGlobals) = postSolution
		SolutionGuid = {7996E1B7-0195-4D53-9175-F8EB099BD6D9}
	EndGlobalSection
EndGlobal
